
Microsoft Visual Studio Solution File, Format Version 12.00
# Visual Studio Version 17
VisualStudioVersion = 17.2.32516.85
MinimumVisualStudioVersion = 10.0.40219.1
Project("{FAE04EC0-301F-11D3-BF4B-00C04F79EFBC}") = "classwork", "classwork\classwork.csproj", "{BF400C4F-A36D-4F3B-9C9D-DBAF8EF63967}"
EndProject
Global
	GlobalSection(SolutionConfigurationPlatforms) = preSolution
		Debug|Any CPU = Debug|Any CPU
		Release|Any CPU = Release|Any CPU
	EndGlobalSection
	GlobalSection(ProjectConfigurationPlatforms) = postSolution
		{BF400C4F-A36D-4F3B-9C9D-DBAF8EF63967}.Debug|Any CPU.ActiveCfg = Debug|Any CPU
		{BF400C4F-A36D-4F3B-9C9D-DBAF8EF63967}.Debug|Any CPU.Build.0 = Debug|Any CPU
		{BF400C4F-A36D-4F3B-9C9D-DBAF8EF63967}.Release|Any CPU.ActiveCfg = Release|Any CPU
		{BF400C4F-A36D-4F3B-9C9D-DBAF8EF63967}.Release|Any CPU.Build.0 = Release|Any CPU
	EndGlobalSection
	GlobalSection(SolutionProperties) = preSolution
		HideSolutionNode = FALSE
	EndGlobalSection
	GlobalSection(ExtensibilityGlobals) = postSolution
		SolutionGuid = {45457CB3-679D-44F8-A1E0-DB323612694E}
	EndGlobalSection
EndGlobal
